// !$*UTF8*$!
{
	archiveVersion = 1;
	classes = {
	};
	objectVersion = 55;
	objects = {

/* Begin PBXBuildFile section */
		A21F14B12779E87900D1034F /* FirebaseStorage in Frameworks */ = {isa = PBXBuildFile; productRef = A21F14B02779E87900D1034F /* FirebaseStorage */; };
		A21F14B82779EB3A00D1034F /* .gitignore in Resources */ = {isa = PBXBuildFile; fileRef = A21F14B72779EB3A00D1034F /* .gitignore */; };
		A21F14BA2779EB8200D1034F /* README.md in Resources */ = {isa = PBXBuildFile; fileRef = A21F14B92779EB8200D1034F /* README.md */; };
		A21F14BF2779F59600D1034F /* ImageView.swift in Sources */ = {isa = PBXBuildFile; fileRef = A21F14BE2779F59600D1034F /* ImageView.swift */; };
		A21F14C12779F5B400D1034F /* Activity.swift in Sources */ = {isa = PBXBuildFile; fileRef = A21F14C02779F5B400D1034F /* Activity.swift */; };
		A267D7A0277B706600E149B3 /* DetailsViewController.swift in Sources */ = {isa = PBXBuildFile; fileRef = A267D79F277B706600E149B3 /* DetailsViewController.swift */; };
		A267D7A2277B74D400E149B3 /* PostCellViewController.swift in Sources */ = {isa = PBXBuildFile; fileRef = A267D7A1277B74D400E149B3 /* PostCellViewController.swift */; };
		A267D7A6277C980800E149B3 /* Alert.swift in Sources */ = {isa = PBXBuildFile; fileRef = A267D7A5277C980800E149B3 /* Alert.swift */; };
		A267D7B62781896500E149B3 /* Bundel.swift in Sources */ = {isa = PBXBuildFile; fileRef = A267D7B52781896500E149B3 /* Bundel.swift */; };
		A267D7B72781A0EF00E149B3 /* Main.storyboard in Resources */ = {isa = PBXBuildFile; fileRef = A2D61DFF2775993000F0F5C5 /* Main.storyboard */; };
		A2880AEC277AF0B200EA4B92 /* LoginViewController.swift in Sources */ = {isa = PBXBuildFile; fileRef = A2880AEB277AF0B200EA4B92 /* LoginViewController.swift */; };
		A2880AEE277B070B00EA4B92 /* Post.swift in Sources */ = {isa = PBXBuildFile; fileRef = A2880AED277B070B00EA4B92 /* Post.swift */; };
		A2880AF0277B0AD700EA4B92 /* User.swift in Sources */ = {isa = PBXBuildFile; fileRef = A2880AEF277B0AD700EA4B92 /* User.swift */; };
		A2880AF2277B2CEF00EA4B92 /* PostViewController.swift in Sources */ = {isa = PBXBuildFile; fileRef = A2880AF1277B2CEF00EA4B92 /* PostViewController.swift */; };
		A2A5EB4F277A265D003ED3C5 /* HomeViewController.swift in Sources */ = {isa = PBXBuildFile; fileRef = A2A5EB4E277A265D003ED3C5 /* HomeViewController.swift */; };
		A2A5EB53277AB985003ED3C5 /* RegisterViewController.swift in Sources */ = {isa = PBXBuildFile; fileRef = A2A5EB52277AB985003ED3C5 /* RegisterViewController.swift */; };
		A2A5EB55277AC05A003ED3C5 /* ProfileViewController.swift in Sources */ = {isa = PBXBuildFile; fileRef = A2A5EB54277AC059003ED3C5 /* ProfileViewController.swift */; };
		A2D61DFA2775993000F0F5C5 /* AppDelegate.swift in Sources */ = {isa = PBXBuildFile; fileRef = A2D61DF92775993000F0F5C5 /* AppDelegate.swift */; };
		A2D61DFC2775993000F0F5C5 /* SceneDelegate.swift in Sources */ = {isa = PBXBuildFile; fileRef = A2D61DFB2775993000F0F5C5 /* SceneDelegate.swift */; };
		A2D61DFE2775993000F0F5C5 /* LandingViewController.swift in Sources */ = {isa = PBXBuildFile; fileRef = A2D61DFD2775993000F0F5C5 /* LandingViewController.swift */; };
		A2D61E032775993300F0F5C5 /* Assets.xcassets in Resources */ = {isa = PBXBuildFile; fileRef = A2D61E022775993300F0F5C5 /* Assets.xcassets */; };
		A2D61E062775993300F0F5C5 /* LaunchScreen.storyboard in Resources */ = {isa = PBXBuildFile; fileRef = A2D61E042775993300F0F5C5 /* LaunchScreen.storyboard */; };
		A2D61E232779D96B00F0F5C5 /* FirebaseAuth in Frameworks */ = {isa = PBXBuildFile; productRef = A2D61E222779D96B00F0F5C5 /* FirebaseAuth */; };
		A2D61E252779D96B00F0F5C5 /* FirebaseFirestore in Frameworks */ = {isa = PBXBuildFile; productRef = A2D61E242779D96B00F0F5C5 /* FirebaseFirestore */; };
		A2D61E292779DB5200F0F5C5 /* GoogleService-Info.plist in Resources */ = {isa = PBXBuildFile; fileRef = A2D61E282779DB5200F0F5C5 /* GoogleService-Info.plist */; };
		A2DB3A5F278223DB0002DBE7 /* Localizable.strings in Resources */ = {isa = PBXBuildFile; fileRef = A2DB3A61278223DB0002DBE7 /* Localizable.strings */; };
/* End PBXBuildFile section */

/* Begin PBXFileReference section */
		A21F14B72779EB3A00D1034F /* .gitignore */ = {isa = PBXFileReference; fileEncoding = 4; lastKnownFileType = text; name = .gitignore; path = ../.gitignore; sourceTree = "<group>"; };
		A21F14B92779EB8200D1034F /* README.md */ = {isa = PBXFileReference; fileEncoding = 4; lastKnownFileType = net.daringfireball.markdown; name = README.md; path = ../README.md; sourceTree = "<group>"; };
		A21F14BE2779F59600D1034F /* ImageView.swift */ = {isa = PBXFileReference; lastKnownFileType = sourcecode.swift; path = ImageView.swift; sourceTree = "<group>"; };
		A21F14C02779F5B400D1034F /* Activity.swift */ = {isa = PBXFileReference; lastKnownFileType = sourcecode.swift; path = Activity.swift; sourceTree = "<group>"; };
		A267D79F277B706600E149B3 /* DetailsViewController.swift */ = {isa = PBXFileReference; lastKnownFileType = sourcecode.swift; path = DetailsViewController.swift; sourceTree = "<group>"; };
		A267D7A1277B74D400E149B3 /* PostCellViewController.swift */ = {isa = PBXFileReference; lastKnownFileType = sourcecode.swift; path = PostCellViewController.swift; sourceTree = "<group>"; };
		A267D7A5277C980800E149B3 /* Alert.swift */ = {isa = PBXFileReference; lastKnownFileType = sourcecode.swift; path = Alert.swift; sourceTree = "<group>"; };
		A267D7AB278186F200E149B3 /* Base */ = {isa = PBXFileReference; lastKnownFileType = file.storyboard; name = Base; path = Base.lproj/LaunchScreen.storyboard; sourceTree = "<group>"; };
		A267D7AC278186F200E149B3 /* Base */ = {isa = PBXFileReference; lastKnownFileType = file.storyboard; name = Base; path = Base.lproj/Main.storyboard; sourceTree = "<group>"; };
		A267D7B52781896500E149B3 /* Bundel.swift */ = {isa = PBXFileReference; lastKnownFileType = sourcecode.swift; path = Bundel.swift; sourceTree = "<group>"; };
		A2880AEB277AF0B200EA4B92 /* LoginViewController.swift */ = {isa = PBXFileReference; lastKnownFileType = sourcecode.swift; path = LoginViewController.swift; sourceTree = "<group>"; };
		A2880AED277B070B00EA4B92 /* Post.swift */ = {isa = PBXFileReference; lastKnownFileType = sourcecode.swift; path = Post.swift; sourceTree = "<group>"; };
		A2880AEF277B0AD700EA4B92 /* User.swift */ = {isa = PBXFileReference; lastKnownFileType = sourcecode.swift; path = User.swift; sourceTree = "<group>"; };
		A2880AF1277B2CEF00EA4B92 /* PostViewController.swift */ = {isa = PBXFileReference; lastKnownFileType = sourcecode.swift; path = PostViewController.swift; sourceTree = "<group>"; };
		A2A5EB4E277A265D003ED3C5 /* HomeViewController.swift */ = {isa = PBXFileReference; lastKnownFileType = sourcecode.swift; path = HomeViewController.swift; sourceTree = "<group>"; };
		A2A5EB52277AB985003ED3C5 /* RegisterViewController.swift */ = {isa = PBXFileReference; lastKnownFileType = sourcecode.swift; path = RegisterViewController.swift; sourceTree = "<group>"; };
		A2A5EB54277AC059003ED3C5 /* ProfileViewController.swift */ = {isa = PBXFileReference; lastKnownFileType = sourcecode.swift; path = ProfileViewController.swift; sourceTree = "<group>"; };
		A2D61DF62775993000F0F5C5 /* PrivateTeacher.app */ = {isa = PBXFileReference; explicitFileType = wrapper.application; includeInIndex = 0; path = PrivateTeacher.app; sourceTree = BUILT_PRODUCTS_DIR; };
		A2D61DF92775993000F0F5C5 /* AppDelegate.swift */ = {isa = PBXFileReference; lastKnownFileType = sourcecode.swift; path = AppDelegate.swift; sourceTree = "<group>"; };
		A2D61DFB2775993000F0F5C5 /* SceneDelegate.swift */ = {isa = PBXFileReference; lastKnownFileType = sourcecode.swift; path = SceneDelegate.swift; sourceTree = "<group>"; };
		A2D61DFD2775993000F0F5C5 /* LandingViewController.swift */ = {isa = PBXFileReference; lastKnownFileType = sourcecode.swift; path = LandingViewController.swift; sourceTree = "<group>"; };
		A2D61E022775993300F0F5C5 /* Assets.xcassets */ = {isa = PBXFileReference; lastKnownFileType = folder.assetcatalog; path = Assets.xcassets; sourceTree = "<group>"; };
		A2D61E072775993300F0F5C5 /* Info.plist */ = {isa = PBXFileReference; lastKnownFileType = text.plist.xml; path = Info.plist; sourceTree = "<group>"; };
		A2D61E282779DB5200F0F5C5 /* GoogleService-Info.plist */ = {isa = PBXFileReference; fileEncoding = 4; lastKnownFileType = text.plist.xml; path = "GoogleService-Info.plist"; sourceTree = "<group>"; };
		A2DB3A5827821B900002DBE7 /* ar */ = {isa = PBXFileReference; lastKnownFileType = text.plist.strings; name = ar; path = ar.lproj/Main.strings; sourceTree = "<group>"; };
		A2DB3A5927821B900002DBE7 /* ar */ = {isa = PBXFileReference; lastKnownFileType = text.plist.strings; name = ar; path = ar.lproj/LaunchScreen.strings; sourceTree = "<group>"; };
		A2DB3A5A27821BBD0002DBE7 /* fr */ = {isa = PBXFileReference; lastKnownFileType = text.plist.strings; name = fr; path = fr.lproj/Main.strings; sourceTree = "<group>"; };
		A2DB3A5B27821BBD0002DBE7 /* fr */ = {isa = PBXFileReference; lastKnownFileType = text.plist.strings; name = fr; path = fr.lproj/LaunchScreen.strings; sourceTree = "<group>"; };
		A2DB3A5D27821BF70002DBE7 /* en */ = {isa = PBXFileReference; lastKnownFileType = text.plist.strings; name = en; path = en.lproj/Main.strings; sourceTree = "<group>"; };
		A2DB3A60278223DB0002DBE7 /* en */ = {isa = PBXFileReference; lastKnownFileType = text.plist.strings; name = en; path = en.lproj/Localizable.strings; sourceTree = "<group>"; };
		A2DB3A62278223DF0002DBE7 /* ar */ = {isa = PBXFileReference; lastKnownFileType = text.plist.strings; name = ar; path = ar.lproj/Localizable.strings; sourceTree = "<group>"; };
		A2DB3A63278223E00002DBE7 /* fr */ = {isa = PBXFileReference; lastKnownFileType = text.plist.strings; name = fr; path = fr.lproj/Localizable.strings; sourceTree = "<group>"; };
/* End PBXFileReference section */

/* Begin PBXFrameworksBuildPhase section */
		A2D61DF32775993000F0F5C5 /* Frameworks */ = {
			isa = PBXFrameworksBuildPhase;
			buildActionMask = 2147483647;
			files = (
				A2D61E232779D96B00F0F5C5 /* FirebaseAuth in Frameworks */,
				A2D61E252779D96B00F0F5C5 /* FirebaseFirestore in Frameworks */,
				A21F14B12779E87900D1034F /* FirebaseStorage in Frameworks */,
			);
			runOnlyForDeploymentPostprocessing = 0;
		};
/* End PBXFrameworksBuildPhase section */

/* Begin PBXGroup section */
		A21F14AF2779E87900D1034F /* Frameworks */ = {
			isa = PBXGroup;
			children = (
			);
			name = Frameworks;
			sourceTree = "<group>";
		};
		A21F14B42779EA4D00D1034F /* Model */ = {
			isa = PBXGroup;
			children = (
				A2880AED277B070B00EA4B92 /* Post.swift */,
				A2880AEF277B0AD700EA4B92 /* User.swift */,
			);
			path = Model;
			sourceTree = "<group>";
		};
		A21F14B52779EAB000D1034F /* View */ = {
			isa = PBXGroup;
			children = (
				A2D61DFF2775993000F0F5C5 /* Main.storyboard */,
			);
			path = View;
			sourceTree = "<group>";
		};
		A21F14B62779EABD00D1034F /* Controller */ = {
			isa = PBXGroup;
			children = (
				A2D61DFD2775993000F0F5C5 /* LandingViewController.swift */,
				A2A5EB52277AB985003ED3C5 /* RegisterViewController.swift */,
				A2880AEB277AF0B200EA4B92 /* LoginViewController.swift */,
				A2A5EB4E277A265D003ED3C5 /* HomeViewController.swift */,
				A267D7A1277B74D400E149B3 /* PostCellViewController.swift */,
				A2A5EB54277AC059003ED3C5 /* ProfileViewController.swift */,
				A2880AF1277B2CEF00EA4B92 /* PostViewController.swift */,
				A267D79F277B706600E149B3 /* DetailsViewController.swift */,
				A267D7A5277C980800E149B3 /* Alert.swift */,
				A267D7B52781896500E149B3 /* Bundel.swift */,
				A2D61DF92775993000F0F5C5 /* AppDelegate.swift */,
				A2D61DFB2775993000F0F5C5 /* SceneDelegate.swift */,
				A2DB3A61278223DB0002DBE7 /* Localizable.strings */,
			);
			path = Controller;
			sourceTree = "<group>";
		};
		A21F14BD2779F53C00D1034F /* Utill */ = {
			isa = PBXGroup;
			children = (
				A21F14BE2779F59600D1034F /* ImageView.swift */,
				A21F14C02779F5B400D1034F /* Activity.swift */,
			);
			path = Utill;
			sourceTree = "<group>";
		};
		A2D61DED2775993000F0F5C5 = {
			isa = PBXGroup;
			children = (
				A21F14B72779EB3A00D1034F /* .gitignore */,
				A21F14B92779EB8200D1034F /* README.md */,
				A2D61DF82775993000F0F5C5 /* PrivateTeacher */,
				A2D61DF72775993000F0F5C5 /* Products */,
				A21F14AF2779E87900D1034F /* Frameworks */,
			);
			sourceTree = "<group>";
		};
		A2D61DF72775993000F0F5C5 /* Products */ = {
			isa = PBXGroup;
			children = (
				A2D61DF62775993000F0F5C5 /* PrivateTeacher.app */,
			);
			name = Products;
			sourceTree = "<group>";
		};
		A2D61DF82775993000F0F5C5 /* PrivateTeacher */ = {
			isa = PBXGroup;
			children = (
				A21F14BD2779F53C00D1034F /* Utill */,
				A21F14B42779EA4D00D1034F /* Model */,
				A21F14B52779EAB000D1034F /* View */,
				A21F14B62779EABD00D1034F /* Controller */,
				A2D61E042775993300F0F5C5 /* LaunchScreen.storyboard */,
				A2D61E022775993300F0F5C5 /* Assets.xcassets */,
				A2D61E072775993300F0F5C5 /* Info.plist */,
				A2D61E282779DB5200F0F5C5 /* GoogleService-Info.plist */,
			);
			path = PrivateTeacher;
			sourceTree = "<group>";
		};
/* End PBXGroup section */

/* Begin PBXNativeTarget section */
		A2D61DF52775993000F0F5C5 /* PrivateTeacher */ = {
			isa = PBXNativeTarget;
			buildConfigurationList = A2D61E0A2775993300F0F5C5 /* Build configuration list for PBXNativeTarget "PrivateTeacher" */;
			buildPhases = (
				A2D61DF22775993000F0F5C5 /* Sources */,
				A2D61DF32775993000F0F5C5 /* Frameworks */,
				A2D61DF42775993000F0F5C5 /* Resources */,
			);
			buildRules = (
			);
			dependencies = (
			);
			name = PrivateTeacher;
			packageProductDependencies = (
				A2D61E222779D96B00F0F5C5 /* FirebaseAuth */,
				A2D61E242779D96B00F0F5C5 /* FirebaseFirestore */,
				A21F14B02779E87900D1034F /* FirebaseStorage */,
			);
			productName = PrivateTeacher;
			productReference = A2D61DF62775993000F0F5C5 /* PrivateTeacher.app */;
			productType = "com.apple.product-type.application";
		};
/* End PBXNativeTarget section */

/* Begin PBXProject section */
		A2D61DEE2775993000F0F5C5 /* Project object */ = {
			isa = PBXProject;
			attributes = {
				BuildIndependentTargetsInParallel = 1;
				LastSwiftUpdateCheck = 1310;
				LastUpgradeCheck = 1310;
				TargetAttributes = {
					A2D61DF52775993000F0F5C5 = {
						CreatedOnToolsVersion = 13.1;
					};
				};
			};
			buildConfigurationList = A2D61DF12775993000F0F5C5 /* Build configuration list for PBXProject "PrivateTeacher" */;
			compatibilityVersion = "Xcode 13.0";
			developmentRegion = en;
			hasScannedForEncodings = 0;
			knownRegions = (
				en,
				Base,
				ar,
				fr,
			);
			mainGroup = A2D61DED2775993000F0F5C5;
			packageReferences = (
				A2D61E212779D96B00F0F5C5 /* XCRemoteSwiftPackageReference "firebase-ios-sdk" */,
			);
			productRefGroup = A2D61DF72775993000F0F5C5 /* Products */;
			projectDirPath = "";
			projectRoot = "";
			targets = (
				A2D61DF52775993000F0F5C5 /* PrivateTeacher */,
			);
		};
/* End PBXProject section */

/* Begin PBXResourcesBuildPhase section */
		A2D61DF42775993000F0F5C5 /* Resources */ = {
			isa = PBXResourcesBuildPhase;
			buildActionMask = 2147483647;
			files = (
				A21F14BA2779EB8200D1034F /* README.md in Resources */,
				A21F14B82779EB3A00D1034F /* .gitignore in Resources */,
				A2D61E292779DB5200F0F5C5 /* GoogleService-Info.plist in Resources */,
				A2DB3A5F278223DB0002DBE7 /* Localizable.strings in Resources */,
				A267D7B72781A0EF00E149B3 /* Main.storyboard in Resources */,
				A2D61E062775993300F0F5C5 /* LaunchScreen.storyboard in Resources */,
				A2D61E032775993300F0F5C5 /* Assets.xcassets in Resources */,
			);
			runOnlyForDeploymentPostprocessing = 0;
		};
/* End PBXResourcesBuildPhase section */

/* Begin PBXSourcesBuildPhase section */
		A2D61DF22775993000F0F5C5 /* Sources */ = {
			isa = PBXSourcesBuildPhase;
			buildActionMask = 2147483647;
			files = (
				A2880AF2277B2CEF00EA4B92 /* PostViewController.swift in Sources */,
				A267D7B62781896500E149B3 /* Bundel.swift in Sources */,
				A2880AEC277AF0B200EA4B92 /* LoginViewController.swift in Sources */,
				A21F14C12779F5B400D1034F /* Activity.swift in Sources */,
				A267D7A6277C980800E149B3 /* Alert.swift in Sources */,
				A21F14BF2779F59600D1034F /* ImageView.swift in Sources */,
				A2A5EB53277AB985003ED3C5 /* RegisterViewController.swift in Sources */,
				A2A5EB4F277A265D003ED3C5 /* HomeViewController.swift in Sources */,
				A2A5EB55277AC05A003ED3C5 /* ProfileViewController.swift in Sources */,
				A2D61DFE2775993000F0F5C5 /* LandingViewController.swift in Sources */,
				A267D7A2277B74D400E149B3 /* PostCellViewController.swift in Sources */,
				A2D61DFA2775993000F0F5C5 /* AppDelegate.swift in Sources */,
				A2D61DFC2775993000F0F5C5 /* SceneDelegate.swift in Sources */,
				A2880AEE277B070B00EA4B92 /* Post.swift in Sources */,
				A267D7A0277B706600E149B3 /* DetailsViewController.swift in Sources */,
				A2880AF0277B0AD700EA4B92 /* User.swift in Sources */,
			);
			runOnlyForDeploymentPostprocessing = 0;
		};
/* End PBXSourcesBuildPhase section */

/* Begin PBXVariantGroup section */
		A2D61DFF2775993000F0F5C5 /* Main.storyboard */ = {
			isa = PBXVariantGroup;
			children = (
				A267D7AC278186F200E149B3 /* Base */,
				A2DB3A5827821B900002DBE7 /* ar */,
				A2DB3A5A27821BBD0002DBE7 /* fr */,
				A2DB3A5D27821BF70002DBE7 /* en */,
			);
			name = Main.storyboard;
			sourceTree = "<group>";
		};
		A2D61E042775993300F0F5C5 /* LaunchScreen.storyboard */ = {
			isa = PBXVariantGroup;
			children = (
				A267D7AB278186F200E149B3 /* Base */,
				A2DB3A5927821B900002DBE7 /* ar */,
				A2DB3A5B27821BBD0002DBE7 /* fr */,
			);
			name = LaunchScreen.storyboard;
			sourceTree = "<group>";
		};
		A2DB3A61278223DB0002DBE7 /* Localizable.strings */ = {
			isa = PBXVariantGroup;
			children = (
				A2DB3A60278223DB0002DBE7 /* en */,
				A2DB3A62278223DF0002DBE7 /* ar */,
				A2DB3A63278223E00002DBE7 /* fr */,
			);
			name = Localizable.strings;
			sourceTree = "<group>";
		};
/* End PBXVariantGroup section */

/* Begin XCBuildConfiguration section */
		A2D61E082775993300F0F5C5 /* Debug */ = {
			isa = XCBuildConfiguration;
			buildSettings = {
				ALWAYS_SEARCH_USER_PATHS = NO;
				CLANG_ANALYZER_LOCALIZABILITY_NONLOCALIZED = YES;
				CLANG_ANALYZER_NONNULL = YES;
				CLANG_ANALYZER_NUMBER_OBJECT_CONVERSION = YES_AGGRESSIVE;
				CLANG_CXX_LANGUAGE_STANDARD = "gnu++17";
				CLANG_CXX_LIBRARY = "libc++";
				CLANG_ENABLE_MODULES = YES;
				CLANG_ENABLE_OBJC_ARC = YES;
				CLANG_ENABLE_OBJC_WEAK = YES;
				CLANG_WARN_BLOCK_CAPTURE_AUTORELEASING = YES;
				CLANG_WARN_BOOL_CONVERSION = YES;
				CLANG_WARN_COMMA = YES;
				CLANG_WARN_CONSTANT_CONVERSION = YES;
				CLANG_WARN_DEPRECATED_OBJC_IMPLEMENTATIONS = YES;
				CLANG_WARN_DIRECT_OBJC_ISA_USAGE = YES_ERROR;
				CLANG_WARN_DOCUMENTATION_COMMENTS = YES;
				CLANG_WARN_EMPTY_BODY = YES;
				CLANG_WARN_ENUM_CONVERSION = YES;
				CLANG_WARN_INFINITE_RECURSION = YES;
				CLANG_WARN_INT_CONVERSION = YES;
				CLANG_WARN_NON_LITERAL_NULL_CONVERSION = YES;
				CLANG_WARN_OBJC_IMPLICIT_RETAIN_SELF = YES;
				CLANG_WARN_OBJC_LITERAL_CONVERSION = YES;
				CLANG_WARN_OBJC_ROOT_CLASS = YES_ERROR;
				CLANG_WARN_QUOTED_INCLUDE_IN_FRAMEWORK_HEADER = YES;
				CLANG_WARN_RANGE_LOOP_ANALYSIS = YES;
				CLANG_WARN_STRICT_PROTOTYPES = YES;
				CLANG_WARN_SUSPICIOUS_MOVE = YES;
				CLANG_WARN_UNGUARDED_AVAILABILITY = YES_AGGRESSIVE;
				CLANG_WARN_UNREACHABLE_CODE = YES;
				CLANG_WARN__DUPLICATE_METHOD_MATCH = YES;
				COPY_PHASE_STRIP = NO;
				DEBUG_INFORMATION_FORMAT = dwarf;
				ENABLE_STRICT_OBJC_MSGSEND = YES;
				ENABLE_TESTABILITY = YES;
				GCC_C_LANGUAGE_STANDARD = gnu11;
				GCC_DYNAMIC_NO_PIC = NO;
				GCC_NO_COMMON_BLOCKS = YES;
				GCC_OPTIMIZATION_LEVEL = 0;
				GCC_PREPROCESSOR_DEFINITIONS = (
					"DEBUG=1",
					"$(inherited)",
				);
				GCC_WARN_64_TO_32_BIT_CONVERSION = YES;
				GCC_WARN_ABOUT_RETURN_TYPE = YES_ERROR;
				GCC_WARN_UNDECLARED_SELECTOR = YES;
				GCC_WARN_UNINITIALIZED_AUTOS = YES_AGGRESSIVE;
				GCC_WARN_UNUSED_FUNCTION = YES;
				GCC_WARN_UNUSED_VARIABLE = YES;
				IPHONEOS_DEPLOYMENT_TARGET = 15.0;
				MTL_ENABLE_DEBUG_INFO = INCLUDE_SOURCE;
				MTL_FAST_MATH = YES;
				ONLY_ACTIVE_ARCH = YES;
				SDKROOT = iphoneos;
				SWIFT_ACTIVE_COMPILATION_CONDITIONS = DEBUG;
				SWIFT_OPTIMIZATION_LEVEL = "-Onone";
			};
			name = Debug;
		};
		A2D61E092775993300F0F5C5 /* Release */ = {
			isa = XCBuildConfiguration;
			buildSettings = {
				ALWAYS_SEARCH_USER_PATHS = NO;
				CLANG_ANALYZER_LOCALIZABILITY_NONLOCALIZED = YES;
				CLANG_ANALYZER_NONNULL = YES;
				CLANG_ANALYZER_NUMBER_OBJECT_CONVERSION = YES_AGGRESSIVE;
				CLANG_CXX_LANGUAGE_STANDARD = "gnu++17";
				CLANG_CXX_LIBRARY = "libc++";
				CLANG_ENABLE_MODULES = YES;
				CLANG_ENABLE_OBJC_ARC = YES;
				CLANG_ENABLE_OBJC_WEAK = YES;
				CLANG_WARN_BLOCK_CAPTURE_AUTORELEASING = YES;
				CLANG_WARN_BOOL_CONVERSION = YES;
				CLANG_WARN_COMMA = YES;
				CLANG_WARN_CONSTANT_CONVERSION = YES;
				CLANG_WARN_DEPRECATED_OBJC_IMPLEMENTATIONS = YES;
				CLANG_WARN_DIRECT_OBJC_ISA_USAGE = YES_ERROR;
				CLANG_WARN_DOCUMENTATION_COMMENTS = YES;
				CLANG_WARN_EMPTY_BODY = YES;
				CLANG_WARN_ENUM_CONVERSION = YES;
				CLANG_WARN_INFINITE_RECURSION = YES;
				CLANG_WARN_INT_CONVERSION = YES;
				CLANG_WARN_NON_LITERAL_NULL_CONVERSION = YES;
				CLANG_WARN_OBJC_IMPLICIT_RETAIN_SELF = YES;
				CLANG_WARN_OBJC_LITERAL_CONVERSION = YES;
				CLANG_WARN_OBJC_ROOT_CLASS = YES_ERROR;
				CLANG_WARN_QUOTED_INCLUDE_IN_FRAMEWORK_HEADER = YES;
				CLANG_WARN_RANGE_LOOP_ANALYSIS = YES;
				CLANG_WARN_STRICT_PROTOTYPES = YES;
				CLANG_WARN_SUSPICIOUS_MOVE = YES;
				CLANG_WARN_UNGUARDED_AVAILABILITY = YES_AGGRESSIVE;
				CLANG_WARN_UNREACHABLE_CODE = YES;
				CLANG_WARN__DUPLICATE_METHOD_MATCH = YES;
				COPY_PHASE_STRIP = NO;
				DEBUG_INFORMATION_FORMAT = "dwarf-with-dsym";
				ENABLE_NS_ASSERTIONS = NO;
				ENABLE_STRICT_OBJC_MSGSEND = YES;
				GCC_C_LANGUAGE_STANDARD = gnu11;
				GCC_NO_COMMON_BLOCKS = YES;
				GCC_WARN_64_TO_32_BIT_CONVERSION = YES;
				GCC_WARN_ABOUT_RETURN_TYPE = YES_ERROR;
				GCC_WARN_UNDECLARED_SELECTOR = YES;
				GCC_WARN_UNINITIALIZED_AUTOS = YES_AGGRESSIVE;
				GCC_WARN_UNUSED_FUNCTION = YES;
				GCC_WARN_UNUSED_VARIABLE = YES;
				IPHONEOS_DEPLOYMENT_TARGET = 15.0;
				MTL_ENABLE_DEBUG_INFO = NO;
				MTL_FAST_MATH = YES;
				SDKROOT = iphoneos;
				SWIFT_COMPILATION_MODE = wholemodule;
				SWIFT_OPTIMIZATION_LEVEL = "-O";
				VALIDATE_PRODUCT = YES;
			};
			name = Release;
		};
		A2D61E0B2775993300F0F5C5 /* Debug */ = {
			isa = XCBuildConfiguration;
			buildSettings = {
				ASSETCATALOG_COMPILER_APPICON_NAME = AppIcon;
				ASSETCATALOG_COMPILER_GLOBAL_ACCENT_COLOR_NAME = AccentColor;
				CODE_SIGN_STYLE = Automatic;
				CURRENT_PROJECT_VERSION = 1;
				GENERATE_INFOPLIST_FILE = YES;
				INFOPLIST_FILE = PrivateTeacher/Info.plist;
				INFOPLIST_KEY_UIApplicationSupportsIndirectInputEvents = YES;
				INFOPLIST_KEY_UILaunchStoryboardName = LaunchScreen;
				INFOPLIST_KEY_UIMainStoryboardFile = Main;
				INFOPLIST_KEY_UISupportedInterfaceOrientations_iPad = "UIInterfaceOrientationPortrait UIInterfaceOrientationPortraitUpsideDown UIInterfaceOrientationLandscapeLeft UIInterfaceOrientationLandscapeRight";
				INFOPLIST_KEY_UISupportedInterfaceOrientations_iPhone = "UIInterfaceOrientationPortrait UIInterfaceOrientationLandscapeLeft UIInterfaceOrientationLandscapeRight";
				LD_RUNPATH_SEARCH_PATHS = (
					"$(inherited)",
					"@executable_path/Frameworks",
				);
				MARKETING_VERSION = 1.0;
				PRODUCT_BUNDLE_IDENTIFIER = "tuwaiq-ios.PrivateTeacher";
				PRODUCT_NAME = "$(TARGET_NAME)";
				SWIFT_EMIT_LOC_STRINGS = YES;
				SWIFT_VERSION = 5.0;
				TARGETED_DEVICE_FAMILY = "1,2";
			};
			name = Debug;
		};
		A2D61E0C2775993300F0F5C5 /* Release */ = {
			isa = XCBuildConfiguration;
			buildSettings = {
				ASSETCATALOG_COMPILER_APPICON_NAME = AppIcon;
				ASSETCATALOG_COMPILER_GLOBAL_ACCENT_COLOR_NAME = AccentColor;
				CODE_SIGN_STYLE = Automatic;
				CURRENT_PROJECT_VERSION = 1;
				GENERATE_INFOPLIST_FILE = YES;
				INFOPLIST_FILE = PrivateTeacher/Info.plist;
				INFOPLIST_KEY_UIApplicationSupportsIndirectInputEvents = YES;
				INFOPLIST_KEY_UILaunchStoryboardName = LaunchScreen;
				INFOPLIST_KEY_UIMainStoryboardFile = Main;
				INFOPLIST_KEY_UISupportedInterfaceOrientations_iPad = "UIInterfaceOrientationPortrait UIInterfaceOrientationPortraitUpsideDown UIInterfaceOrientationLandscapeLeft UIInterfaceOrientationLandscapeRight";
				INFOPLIST_KEY_UISupportedInterfaceOrientations_iPhone = "UIInterfaceOrientationPortrait UIInterfaceOrientationLandscapeLeft UIInterfaceOrientationLandscapeRight";
				LD_RUNPATH_SEARCH_PATHS = (
					"$(inherited)",
					"@executable_path/Frameworks",
				);
				MARKETING_VERSION = 1.0;
				PRODUCT_BUNDLE_IDENTIFIER = "tuwaiq-ios.PrivateTeacher";
				PRODUCT_NAME = "$(TARGET_NAME)";
				SWIFT_EMIT_LOC_STRINGS = YES;
				SWIFT_VERSION = 5.0;
				TARGETED_DEVICE_FAMILY = "1,2";
			};
			name = Release;
		};
/* End XCBuildConfiguration section */

/* Begin XCConfigurationList section */
		A2D61DF12775993000F0F5C5 /* Build configuration list for PBXProject "PrivateTeacher" */ = {
			isa = XCConfigurationList;
			buildConfigurations = (
				A2D61E082775993300F0F5C5 /* Debug */,
				A2D61E092775993300F0F5C5 /* Release */,
			);
			defaultConfigurationIsVisible = 0;
			defaultConfigurationName = Release;
		};
		A2D61E0A2775993300F0F5C5 /* Build configuration list for PBXNativeTarget "PrivateTeacher" */ = {
			isa = XCConfigurationList;
			buildConfigurations = (
				A2D61E0B2775993300F0F5C5 /* Debug */,
				A2D61E0C2775993300F0F5C5 /* Release */,
			);
			defaultConfigurationIsVisible = 0;
			defaultConfigurationName = Release;
		};
/* End XCConfigurationList section */

/* Begin XCRemoteSwiftPackageReference section */
		A2D61E212779D96B00F0F5C5 /* XCRemoteSwiftPackageReference "firebase-ios-sdk" */ = {
			isa = XCRemoteSwiftPackageReference;
			repositoryURL = "https://github.com/firebase/firebase-ios-sdk";
			requirement = {
				kind = upToNextMajorVersion;
				minimumVersion = 8.0.0;
			};
		};
/* End XCRemoteSwiftPackageReference section */

/* Begin XCSwiftPackageProductDependency section */
		A21F14B02779E87900D1034F /* FirebaseStorage */ = {
			isa = XCSwiftPackageProductDependency;
			package = A2D61E212779D96B00F0F5C5 /* XCRemoteSwiftPackageReference "firebase-ios-sdk" */;
			productName = FirebaseStorage;
		};
		A2D61E222779D96B00F0F5C5 /* FirebaseAuth */ = {
			isa = XCSwiftPackageProductDependency;
			package = A2D61E212779D96B00F0F5C5 /* XCRemoteSwiftPackageReference "firebase-ios-sdk" */;
			productName = FirebaseAuth;
		};
		A2D61E242779D96B00F0F5C5 /* FirebaseFirestore */ = {
			isa = XCSwiftPackageProductDependency;
			package = A2D61E212779D96B00F0F5C5 /* XCRemoteSwiftPackageReference "firebase-ios-sdk" */;
			productName = FirebaseFirestore;
		};
/* End XCSwiftPackageProductDependency section */
	};
	rootObject = A2D61DEE2775993000F0F5C5 /* Project object */;
}
